// !$*UTF8*$!
{
	archiveVersion = 1;
	classes = {
	};
	objectVersion = 46;
	objects = {

/* Begin PBXBuildFile section */
		1D02C39C1BEBBF9800843DED /* AppDelegate.swift in Sources */ = {isa = PBXBuildFile; fileRef = 1D02C39B1BEBBF9800843DED /* AppDelegate.swift */; };
		1D02C39F1BEBBF9800843DED /* PhotoExchange.xcdatamodeld in Sources */ = {isa = PBXBuildFile; fileRef = 1D02C39D1BEBBF9800843DED /* PhotoExchange.xcdatamodeld */; };
		1D02C3A41BEBBF9800843DED /* Main.storyboard in Resources */ = {isa = PBXBuildFile; fileRef = 1D02C3A21BEBBF9800843DED /* Main.storyboard */; };
		1D02C3A61BEBBF9800843DED /* Images.xcassets in Resources */ = {isa = PBXBuildFile; fileRef = 1D02C3A51BEBBF9800843DED /* Images.xcassets */; };
		1D02C3A91BEBBF9800843DED /* LaunchScreen.xib in Resources */ = {isa = PBXBuildFile; fileRef = 1D02C3A71BEBBF9800843DED /* LaunchScreen.xib */; };
		1D02C3B51BEBBF9800843DED /* PhotoExchangeTests.swift in Sources */ = {isa = PBXBuildFile; fileRef = 1D02C3B41BEBBF9800843DED /* PhotoExchangeTests.swift */; };
		1D02C3BF1BEBC1AC00843DED /* FeedViewController.swift in Sources */ = {isa = PBXBuildFile; fileRef = 1D02C3BE1BEBC1AC00843DED /* FeedViewController.swift */; };
		1D02C3C11BEBC5CE00843DED /* FeedCell.swift in Sources */ = {isa = PBXBuildFile; fileRef = 1D02C3C01BEBC5CE00843DED /* FeedCell.swift */; };
		1D02C3C31BEBE91F00843DED /* MobileCoreServices.framework in Frameworks */ = {isa = PBXBuildFile; fileRef = 1D02C3C21BEBE91F00843DED /* MobileCoreServices.framework */; };
		1D02C3C51BEC113800843DED /* FeedItem.swift in Sources */ = {isa = PBXBuildFile; fileRef = 1D02C3C41BEC113800843DED /* FeedItem.swift */; };
		1DD73A051BF151C100156438 /* FilterCell.swift in Sources */ = {isa = PBXBuildFile; fileRef = 1DD73A041BF151C100156438 /* FilterCell.swift */; };
		1DFFA9411BEF03A700E06F27 /* FilterViewController.swift in Sources */ = {isa = PBXBuildFile; fileRef = 1DFFA9401BEF03A700E06F27 /* FilterViewController.swift */; };
/* End PBXBuildFile section */

/* Begin PBXContainerItemProxy section */
		1D02C3AF1BEBBF9800843DED /* PBXContainerItemProxy */ = {
			isa = PBXContainerItemProxy;
			containerPortal = 1D02C38E1BEBBF9800843DED /* Project object */;
			proxyType = 1;
			remoteGlobalIDString = 1D02C3951BEBBF9800843DED;
			remoteInfo = PhotoExchange;
		};
/* End PBXContainerItemProxy section */

/* Begin PBXFileReference section */
		1D02C3961BEBBF9800843DED /* PhotoExchange.app */ = {isa = PBXFileReference; explicitFileType = wrapper.application; includeInIndex = 0; path = PhotoExchange.app; sourceTree = BUILT_PRODUCTS_DIR; };
		1D02C39A1BEBBF9800843DED /* Info.plist */ = {isa = PBXFileReference; lastKnownFileType = text.plist.xml; path = Info.plist; sourceTree = "<group>"; };
		1D02C39B1BEBBF9800843DED /* AppDelegate.swift */ = {isa = PBXFileReference; lastKnownFileType = sourcecode.swift; path = AppDelegate.swift; sourceTree = "<group>"; };
		1D02C39E1BEBBF9800843DED /* PhotoExchange.xcdatamodel */ = {isa = PBXFileReference; lastKnownFileType = wrapper.xcdatamodel; path = PhotoExchange.xcdatamodel; sourceTree = "<group>"; };
		1D02C3A31BEBBF9800843DED /* Base */ = {isa = PBXFileReference; lastKnownFileType = file.storyboard; name = Base; path = Base.lproj/Main.storyboard; sourceTree = "<group>"; };
		1D02C3A51BEBBF9800843DED /* Images.xcassets */ = {isa = PBXFileReference; lastKnownFileType = folder.assetcatalog; path = Images.xcassets; sourceTree = "<group>"; };
		1D02C3A81BEBBF9800843DED /* Base */ = {isa = PBXFileReference; lastKnownFileType = file.xib; name = Base; path = Base.lproj/LaunchScreen.xib; sourceTree = "<group>"; };
		1D02C3AE1BEBBF9800843DED /* PhotoExchangeTests.xctest */ = {isa = PBXFileReference; explicitFileType = wrapper.cfbundle; includeInIndex = 0; path = PhotoExchangeTests.xctest; sourceTree = BUILT_PRODUCTS_DIR; };
		1D02C3B31BEBBF9800843DED /* Info.plist */ = {isa = PBXFileReference; lastKnownFileType = text.plist.xml; path = Info.plist; sourceTree = "<group>"; };
		1D02C3B41BEBBF9800843DED /* PhotoExchangeTests.swift */ = {isa = PBXFileReference; lastKnownFileType = sourcecode.swift; path = PhotoExchangeTests.swift; sourceTree = "<group>"; };
		1D02C3BE1BEBC1AC00843DED /* FeedViewController.swift */ = {isa = PBXFileReference; fileEncoding = 4; lastKnownFileType = sourcecode.swift; path = FeedViewController.swift; sourceTree = "<group>"; };
		1D02C3C01BEBC5CE00843DED /* FeedCell.swift */ = {isa = PBXFileReference; fileEncoding = 4; lastKnownFileType = sourcecode.swift; path = FeedCell.swift; sourceTree = "<group>"; };
		1D02C3C21BEBE91F00843DED /* MobileCoreServices.framework */ = {isa = PBXFileReference; lastKnownFileType = wrapper.framework; name = MobileCoreServices.framework; path = System/Library/Frameworks/MobileCoreServices.framework; sourceTree = SDKROOT; };
		1D02C3C41BEC113800843DED /* FeedItem.swift */ = {isa = PBXFileReference; fileEncoding = 4; lastKnownFileType = sourcecode.swift; path = FeedItem.swift; sourceTree = "<group>"; };
		1DD73A041BF151C100156438 /* FilterCell.swift */ = {isa = PBXFileReference; fileEncoding = 4; lastKnownFileType = sourcecode.swift; path = FilterCell.swift; sourceTree = "<group>"; };
		1DFFA9401BEF03A700E06F27 /* FilterViewController.swift */ = {isa = PBXFileReference; fileEncoding = 4; lastKnownFileType = sourcecode.swift; path = FilterViewController.swift; sourceTree = "<group>"; };
/* End PBXFileReference section */

/* Begin PBXFrameworksBuildPhase section */
		1D02C3931BEBBF9800843DED /* Frameworks */ = {
			isa = PBXFrameworksBuildPhase;
			buildActionMask = 2147483647;
			files = (
				1D02C3C31BEBE91F00843DED /* MobileCoreServices.framework in Frameworks */,
			);
			runOnlyForDeploymentPostprocessing = 0;
		};
		1D02C3AB1BEBBF9800843DED /* Frameworks */ = {
			isa = PBXFrameworksBuildPhase;
			buildActionMask = 2147483647;
			files = (
			);
			runOnlyForDeploymentPostprocessing = 0;
		};
/* End PBXFrameworksBuildPhase section */

/* Begin PBXGroup section */
		1D02C38D1BEBBF9800843DED = {
			isa = PBXGroup;
			children = (
				1D02C3981BEBBF9800843DED /* PhotoExchange */,
				1D02C3B11BEBBF9800843DED /* PhotoExchangeTests */,
				1D02C3971BEBBF9800843DED /* Products */,
			);
			sourceTree = "<group>";
		};
		1D02C3971BEBBF9800843DED /* Products */ = {
			isa = PBXGroup;
			children = (
				1D02C3961BEBBF9800843DED /* PhotoExchange.app */,
				1D02C3AE1BEBBF9800843DED /* PhotoExchangeTests.xctest */,
			);
			name = Products;
			sourceTree = "<group>";
		};
		1D02C3981BEBBF9800843DED /* PhotoExchange */ = {
			isa = PBXGroup;
			children = (
				1D02C39B1BEBBF9800843DED /* AppDelegate.swift */,
				1D02C3BE1BEBC1AC00843DED /* FeedViewController.swift */,
				1DD73A041BF151C100156438 /* FilterCell.swift */,
				1DFFA9401BEF03A700E06F27 /* FilterViewController.swift */,
				1D02C3C01BEBC5CE00843DED /* FeedCell.swift */,
				1D02C3A21BEBBF9800843DED /* Main.storyboard */,
				1D02C3A51BEBBF9800843DED /* Images.xcassets */,
				1D02C3A71BEBBF9800843DED /* LaunchScreen.xib */,
				1D02C39D1BEBBF9800843DED /* PhotoExchange.xcdatamodeld */,
				1D02C3C41BEC113800843DED /* FeedItem.swift */,
				1D02C3991BEBBF9800843DED /* Supporting Files */,
			);
			path = PhotoExchange;
			sourceTree = "<group>";
		};
		1D02C3991BEBBF9800843DED /* Supporting Files */ = {
			isa = PBXGroup;
			children = (
				1D02C3C21BEBE91F00843DED /* MobileCoreServices.framework */,
				1D02C39A1BEBBF9800843DED /* Info.plist */,
			);
			name = "Supporting Files";
			sourceTree = "<group>";
		};
		1D02C3B11BEBBF9800843DED /* PhotoExchangeTests */ = {
			isa = PBXGroup;
			children = (
				1D02C3B41BEBBF9800843DED /* PhotoExchangeTests.swift */,
				1D02C3B21BEBBF9800843DED /* Supporting Files */,
			);
			path = PhotoExchangeTests;
			sourceTree = "<group>";
		};
		1D02C3B21BEBBF9800843DED /* Supporting Files */ = {
			isa = PBXGroup;
			children = (
				1D02C3B31BEBBF9800843DED /* Info.plist */,
			);
			name = "Supporting Files";
			sourceTree = "<group>";
		};
/* End PBXGroup section */

/* Begin PBXNativeTarget section */
		1D02C3951BEBBF9800843DED /* PhotoExchange */ = {
			isa = PBXNativeTarget;
			buildConfigurationList = 1D02C3B81BEBBF9800843DED /* Build configuration list for PBXNativeTarget "PhotoExchange" */;
			buildPhases = (
				1D02C3921BEBBF9800843DED /* Sources */,
				1D02C3931BEBBF9800843DED /* Frameworks */,
				1D02C3941BEBBF9800843DED /* Resources */,
			);
			buildRules = (
			);
			dependencies = (
			);
			name = PhotoExchange;
			productName = PhotoExchange;
			productReference = 1D02C3961BEBBF9800843DED /* PhotoExchange.app */;
			productType = "com.apple.product-type.application";
		};
		1D02C3AD1BEBBF9800843DED /* PhotoExchangeTests */ = {
			isa = PBXNativeTarget;
			buildConfigurationList = 1D02C3BB1BEBBF9800843DED /* Build configuration list for PBXNativeTarget "PhotoExchangeTests" */;
			buildPhases = (
				1D02C3AA1BEBBF9800843DED /* Sources */,
				1D02C3AB1BEBBF9800843DED /* Frameworks */,
				1D02C3AC1BEBBF9800843DED /* Resources */,
			);
			buildRules = (
			);
			dependencies = (
				1D02C3B01BEBBF9800843DED /* PBXTargetDependency */,
			);
			name = PhotoExchangeTests;
			productName = PhotoExchangeTests;
			productReference = 1D02C3AE1BEBBF9800843DED /* PhotoExchangeTests.xctest */;
			productType = "com.apple.product-type.bundle.unit-test";
		};
/* End PBXNativeTarget section */

/* Begin PBXProject section */
		1D02C38E1BEBBF9800843DED /* Project object */ = {
			isa = PBXProject;
			attributes = {
				LastSwiftUpdateCheck = 0710;
				LastUpgradeCheck = 0620;
				ORGANIZATIONNAME = "Rick Williams";
				TargetAttributes = {
					1D02C3951BEBBF9800843DED = {
						CreatedOnToolsVersion = 6.2;
					};
					1D02C3AD1BEBBF9800843DED = {
						CreatedOnToolsVersion = 6.2;
						TestTargetID = 1D02C3951BEBBF9800843DED;
					};
				};
			};
			buildConfigurationList = 1D02C3911BEBBF9800843DED /* Build configuration list for PBXProject "PhotoExchange" */;
			compatibilityVersion = "Xcode 3.2";
			developmentRegion = English;
			hasScannedForEncodings = 0;
			knownRegions = (
				en,
				Base,
			);
			mainGroup = 1D02C38D1BEBBF9800843DED;
			productRefGroup = 1D02C3971BEBBF9800843DED /* Products */;
			projectDirPath = "";
			projectRoot = "";
			targets = (
				1D02C3951BEBBF9800843DED /* PhotoExchange */,
				1D02C3AD1BEBBF9800843DED /* PhotoExchangeTests */,
			);
		};
/* End PBXProject section */

/* Begin PBXResourcesBuildPhase section */
		1D02C3941BEBBF9800843DED /* Resources */ = {
			isa = PBXResourcesBuildPhase;
			buildActionMask = 2147483647;
			files = (
				1D02C3A41BEBBF9800843DED /* Main.storyboard in Resources */,
				1D02C3A91BEBBF9800843DED /* LaunchScreen.xib in Resources */,
				1D02C3A61BEBBF9800843DED /* Images.xcassets in Resources */,
			);
			runOnlyForDeploymentPostprocessing = 0;
		};
		1D02C3AC1BEBBF9800843DED /* Resources */ = {
			isa = PBXResourcesBuildPhase;
			buildActionMask = 2147483647;
			files = (
			);
			runOnlyForDeploymentPostprocessing = 0;
		};
/* End PBXResourcesBuildPhase section */

/* Begin PBXSourcesBuildPhase section */
		1D02C3921BEBBF9800843DED /* Sources */ = {
			isa = PBXSourcesBuildPhase;
			buildActionMask = 2147483647;
			files = (
				1DD73A051BF151C100156438 /* FilterCell.swift in Sources */,
				1DFFA9411BEF03A700E06F27 /* FilterViewController.swift in Sources */,
				1D02C39C1BEBBF9800843DED /* AppDelegate.swift in Sources */,
				1D02C3C11BEBC5CE00843DED /* FeedCell.swift in Sources */,
				1D02C3BF1BEBC1AC00843DED /* FeedViewController.swift in Sources */,
				1D02C3C51BEC113800843DED /* FeedItem.swift in Sources */,
				1D02C39F1BEBBF9800843DED /* PhotoExchange.xcdatamodeld in Sources */,
			);
			runOnlyForDeploymentPostprocessing = 0;
		};
		1D02C3AA1BEBBF9800843DED /* Sources */ = {
			isa = PBXSourcesBuildPhase;
			buildActionMask = 2147483647;
			files = (
				1D02C3B51BEBBF9800843DED /* PhotoExchangeTests.swift in Sources */,
			);
			runOnlyForDeploymentPostprocessing = 0;
		};
/* End PBXSourcesBuildPhase section */

/* Begin PBXTargetDependency section */
		1D02C3B01BEBBF9800843DED /* PBXTargetDependency */ = {
			isa = PBXTargetDependency;
			target = 1D02C3951BEBBF9800843DED /* PhotoExchange */;
			targetProxy = 1D02C3AF1BEBBF9800843DED /* PBXContainerItemProxy */;
		};
/* End PBXTargetDependency section */

/* Begin PBXVariantGroup section */
		1D02C3A21BEBBF9800843DED /* Main.storyboard */ = {
			isa = PBXVariantGroup;
			children = (
				1D02C3A31BEBBF9800843DED /* Base */,
			);
			name = Main.storyboard;
			sourceTree = "<group>";
		};
		1D02C3A71BEBBF9800843DED /* LaunchScreen.xib */ = {
			isa = PBXVariantGroup;
			children = (
				1D02C3A81BEBBF9800843DED /* Base */,
			);
			name = LaunchScreen.xib;
			sourceTree = "<group>";
		};
/* End PBXVariantGroup section */

/* Begin XCBuildConfiguration section */
		1D02C3B61BEBBF9800843DED /* Debug */ = {
			isa = XCBuildConfiguration;
			buildSettings = {
				ALWAYS_SEARCH_USER_PATHS = NO;
				CLANG_CXX_LANGUAGE_STANDARD = "gnu++0x";
				CLANG_CXX_LIBRARY = "libc++";
				CLANG_ENABLE_MODULES = YES;
				CLANG_ENABLE_OBJC_ARC = YES;
				CLANG_WARN_BOOL_CONVERSION = YES;
				CLANG_WARN_CONSTANT_CONVERSION = YES;
				CLANG_WARN_DIRECT_OBJC_ISA_USAGE = YES_ERROR;
				CLANG_WARN_EMPTY_BODY = YES;
				CLANG_WARN_ENUM_CONVERSION = YES;
				CLANG_WARN_INT_CONVERSION = YES;
				CLANG_WARN_OBJC_ROOT_CLASS = YES_ERROR;
				CLANG_WARN_UNREACHABLE_CODE = YES;
				CLANG_WARN__DUPLICATE_METHOD_MATCH = YES;
				"CODE_SIGN_IDENTITY[sdk=iphoneos*]" = "iPhone Developer";
				COPY_PHASE_STRIP = NO;
				ENABLE_STRICT_OBJC_MSGSEND = YES;
				GCC_C_LANGUAGE_STANDARD = gnu99;
				GCC_DYNAMIC_NO_PIC = NO;
				GCC_OPTIMIZATION_LEVEL = 0;
				GCC_PREPROCESSOR_DEFINITIONS = (
					"DEBUG=1",
					"$(inherited)",
				);
				GCC_SYMBOLS_PRIVATE_EXTERN = NO;
				GCC_WARN_64_TO_32_BIT_CONVERSION = YES;
				GCC_WARN_ABOUT_RETURN_TYPE = YES_ERROR;
				GCC_WARN_UNDECLARED_SELECTOR = YES;
				GCC_WARN_UNINITIALIZED_AUTOS = YES_AGGRESSIVE;
				GCC_WARN_UNUSED_FUNCTION = YES;
				GCC_WARN_UNUSED_VARIABLE = YES;
				IPHONEOS_DEPLOYMENT_TARGET = 8.2;
				MTL_ENABLE_DEBUG_INFO = YES;
				ONLY_ACTIVE_ARCH = YES;
				SDKROOT = iphoneos;
				SWIFT_OPTIMIZATION_LEVEL = "-Onone";
				TARGETED_DEVICE_FAMILY = "1,2";
			};
			name = Debug;
		};
		1D02C3B71BEBBF9800843DED /* Release */ = {
			isa = XCBuildConfiguration;
			buildSettings = {
				ALWAYS_SEARCH_USER_PATHS = NO;
				CLANG_CXX_LANGUAGE_STANDARD = "gnu++0x";
				CLANG_CXX_LIBRARY = "libc++";
				CLANG_ENABLE_MODULES = YES;
				CLANG_ENABLE_OBJC_ARC = YES;
				CLANG_WARN_BOOL_CONVERSION = YES;
				CLANG_WARN_CONSTANT_CONVERSION = YES;
				CLANG_WARN_DIRECT_OBJC_ISA_USAGE = YES_ERROR;
				CLANG_WARN_EMPTY_BODY = YES;
				CLANG_WARN_ENUM_CONVERSION = YES;
				CLANG_WARN_INT_CONVERSION = YES;
				CLANG_WARN_OBJC_ROOT_CLASS = YES_ERROR;
				CLANG_WARN_UNREACHABLE_CODE = YES;
				CLANG_WARN__DUPLICATE_METHOD_MATCH = YES;
				"CODE_SIGN_IDENTITY[sdk=iphoneos*]" = "iPhone Developer";
				COPY_PHASE_STRIP = NO;
				ENABLE_NS_ASSERTIONS = NO;
				ENABLE_STRICT_OBJC_MSGSEND = YES;
				GCC_C_LANGUAGE_STANDARD = gnu99;
				GCC_WARN_64_TO_32_BIT_CONVERSION = YES;
				GCC_WARN_ABOUT_RETURN_TYPE = YES_ERROR;
				GCC_WARN_UNDECLARED_SELECTOR = YES;
				GCC_WARN_UNINITIALIZED_AUTOS = YES_AGGRESSIVE;
				GCC_WARN_UNUSED_FUNCTION = YES;
				GCC_WARN_UNUSED_VARIABLE = YES;
				IPHONEOS_DEPLOYMENT_TARGET = 8.2;
				MTL_ENABLE_DEBUG_INFO = NO;
				SDKROOT = iphoneos;
				TARGETED_DEVICE_FAMILY = "1,2";
				VALIDATE_PRODUCT = YES;
			};
			name = Release;
		};
		1D02C3B91BEBBF9800843DED /* Debug */ = {
			isa = XCBuildConfiguration;
			buildSettings = {
				ASSETCATALOG_COMPILER_APPICON_NAME = AppIcon;
				INFOPLIST_FILE = PhotoExchange/Info.plist;
				LD_RUNPATH_SEARCH_PATHS = "$(inherited) @executable_path/Frameworks";
				PRODUCT_NAME = "$(TARGET_NAME)";
			};
			name = Debug;
		};
		1D02C3BA1BEBBF9800843DED /* Release */ = {
			isa = XCBuildConfiguration;
			buildSettings = {
				ASSETCATALOG_COMPILER_APPICON_NAME = AppIcon;
				INFOPLIST_FILE = PhotoExchange/Info.plist;
				LD_RUNPATH_SEARCH_PATHS = "$(inherited) @executable_path/Frameworks";
				PRODUCT_NAME = "$(TARGET_NAME)";
			};
			name = Release;
		};
		1D02C3BC1BEBBF9800843DED /* Debug */ = {
			isa = XCBuildConfiguration;
			buildSettings = {
				BUNDLE_LOADER = "$(TEST_HOST)";
				FRAMEWORK_SEARCH_PATHS = (
					"$(SDKROOT)/Developer/Library/Frameworks",
					"$(inherited)",
				);
				GCC_PREPROCESSOR_DEFINITIONS = (
					"DEBUG=1",
					"$(inherited)",
				);
				INFOPLIST_FILE = PhotoExchangeTests/Info.plist;
				LD_RUNPATH_SEARCH_PATHS = "$(inherited) @executable_path/Frameworks @loader_path/Frameworks";
				PRODUCT_NAME = "$(TARGET_NAME)";
				TEST_HOST = "$(BUILT_PRODUCTS_DIR)/PhotoExchange.app/PhotoExchange";
			};
			name = Debug;
		};
		1D02C3BD1BEBBF9800843DED /* Release */ = {
			isa = XCBuildConfiguration;
			buildSettings = {
				BUNDLE_LOADER = "$(TEST_HOST)";
				FRAMEWORK_SEARCH_PATHS = (
					"$(SDKROOT)/Developer/Library/Frameworks",
					"$(inherited)",
				);
				INFOPLIST_FILE = PhotoExchangeTests/Info.plist;
				LD_RUNPATH_SEARCH_PATHS = "$(inherited) @executable_path/Frameworks @loader_path/Frameworks";
				PRODUCT_NAME = "$(TARGET_NAME)";
				TEST_HOST = "$(BUILT_PRODUCTS_DIR)/PhotoExchange.app/PhotoExchange";
			};
			name = Release;
		};
/* End XCBuildConfiguration section */

/* Begin XCConfigurationList section */
		1D02C3911BEBBF9800843DED /* Build configuration list for PBXProject "PhotoExchange" */ = {
			isa = XCConfigurationList;
			buildConfigurations = (
				1D02C3B61BEBBF9800843DED /* Debug */,
				1D02C3B71BEBBF9800843DED /* Release */,
			);
			defaultConfigurationIsVisible = 0;
			defaultConfigurationName = Release;
		};
		1D02C3B81BEBBF9800843DED /* Build configuration list for PBXNativeTarget "PhotoExchange" */ = {
			isa = XCConfigurationList;
			buildConfigurations = (
				1D02C3B91BEBBF9800843DED /* Debug */,
				1D02C3BA1BEBBF9800843DED /* Release */,
			);
			defaultConfigurationIsVisible = 0;
			defaultConfigurationName = Release;
		};
		1D02C3BB1BEBBF9800843DED /* Build configuration list for PBXNativeTarget "PhotoExchangeTests" */ = {
			isa = XCConfigurationList;
			buildConfigurations = (
				1D02C3BC1BEBBF9800843DED /* Debug */,
				1D02C3BD1BEBBF9800843DED /* Release */,
			);
			defaultConfigurationIsVisible = 0;
			defaultConfigurationName = Release;
		};
/* End XCConfigurationList section */

/* Begin XCVersionGroup section */
		1D02C39D1BEBBF9800843DED /* PhotoExchange.xcdatamodeld */ = {
			isa = XCVersionGroup;
			children = (
				1D02C39E1BEBBF9800843DED /* PhotoExchange.xcdatamodel */,
			);
			currentVersion = 1D02C39E1BEBBF9800843DED /* PhotoExchange.xcdatamodel */;
			path = PhotoExchange.xcdatamodeld;
			sourceTree = "<group>";
			versionGroupType = wrapper.xcdatamodel;
		};
/* End XCVersionGroup section */
	};
	rootObject = 1D02C38E1BEBBF9800843DED /* Project object */;
}
